
Microsoft Visual Studio Solution File, Format Version 12.00
# Visual Studio Version 17
VisualStudioVersion = 17.13.35931.197
MinimumVisualStudioVersion = 10.0.40219.1
Project("{FAE04EC0-301F-11D3-BF4B-00C04F79EFBC}") = "App.Repositories", "Repositories\App.Repositories.csproj", "{B960603D-ED77-4D7D-A63F-D7226C1CCD3C}"
EndProject
Project("{FAE04EC0-301F-11D3-BF4B-00C04F79EFBC}") = "App.Services", "Services\App.Services.csproj", "{521C2141-B99F-4FAD-A9E3-3EC21733233D}"
EndProject
Project("{FAE04EC0-301F-11D3-BF4B-00C04F79EFBC}") = "App.API", "App.API\App.API.csproj", "{F1923EC6-5CF9-48C9-94D7-DE15C0E089D5}"
EndProject
Global
	GlobalSection(SolutionConfigurationPlatforms) = preSolution
		Debug|Any CPU = Debug|Any CPU
		Release|Any CPU = Release|Any CPU
	EndGlobalSection
	GlobalSection(ProjectConfigurationPlatforms) = postSolution
		{B960603D-ED77-4D7D-A63F-D7226C1CCD3C}.Debug|Any CPU.ActiveCfg = Debug|Any CPU
		{B960603D-ED77-4D7D-A63F-D7226C1CCD3C}.Debug|Any CPU.Build.0 = Debug|Any CPU
		{B960603D-ED77-4D7D-A63F-D7226C1CCD3C}.Release|Any CPU.ActiveCfg = Release|Any CPU
		{B960603D-ED77-4D7D-A63F-D7226C1CCD3C}.Release|Any CPU.Build.0 = Release|Any CPU
		{521C2141-B99F-4FAD-A9E3-3EC21733233D}.Debug|Any CPU.ActiveCfg = Debug|Any CPU
		{521C2141-B99F-4FAD-A9E3-3EC21733233D}.Debug|Any CPU.Build.0 = Debug|Any CPU
		{521C2141-B99F-4FAD-A9E3-3EC21733233D}.Release|Any CPU.ActiveCfg = Release|Any CPU
		{521C2141-B99F-4FAD-A9E3-3EC21733233D}.Release|Any CPU.Build.0 = Release|Any CPU
		{F1923EC6-5CF9-48C9-94D7-DE15C0E089D5}.Debug|Any CPU.ActiveCfg = Debug|Any CPU
		{F1923EC6-5CF9-48C9-94D7-DE15C0E089D5}.Debug|Any CPU.Build.0 = Debug|Any CPU
		{F1923EC6-5CF9-48C9-94D7-DE15C0E089D5}.Release|Any CPU.ActiveCfg = Release|Any CPU
		{F1923EC6-5CF9-48C9-94D7-DE15C0E089D5}.Release|Any CPU.Build.0 = Release|Any CPU
	EndGlobalSection
	GlobalSection(SolutionProperties) = preSolution
		HideSolutionNode = FALSE
	EndGlobalSection
	GlobalSection(ExtensibilityGlobals) = postSolution
		SolutionGuid = {54473E19-950F-4195-A09D-C0C71CC30880}
	EndGlobalSection
EndGlobal
